// !$*UTF8*$!
{
	archiveVersion = 1;
	classes = {
	};
	objectVersion = 56;
	objects = {

/* Begin PBXBuildFile section */
		2A15B7642A231228005E3F7C /* MovieAppHome.docc in Sources */ = {isa = PBXBuildFile; fileRef = 2A15B7632A231228005E3F7C /* MovieAppHome.docc */; };
		2A15B76A2A231228005E3F7C /* MovieAppHome.framework in Frameworks */ = {isa = PBXBuildFile; fileRef = 2A15B75F2A231228005E3F7C /* MovieAppHome.framework */; };
		2A15B76F2A231228005E3F7C /* MovieAppHomeTests.swift in Sources */ = {isa = PBXBuildFile; fileRef = 2A15B76E2A231228005E3F7C /* MovieAppHomeTests.swift */; };
		2A15B7702A231228005E3F7C /* MovieAppHome.h in Headers */ = {isa = PBXBuildFile; fileRef = 2A15B7622A231228005E3F7C /* MovieAppHome.h */; settings = {ATTRIBUTES = (Public, ); }; };
		2A15B77E2A231365005E3F7C /* MovieAppHome.swift in Sources */ = {isa = PBXBuildFile; fileRef = 2A15B77D2A231365005E3F7C /* MovieAppHome.swift */; };
		2A15B7802A23136E005E3F7C /* MovieAppHome.storyboard in Resources */ = {isa = PBXBuildFile; fileRef = 2A15B77F2A23136E005E3F7C /* MovieAppHome.storyboard */; };
		552A6172A4F59170A4BC6D62 /* Pods_MovieAppHome.framework in Frameworks */ = {isa = PBXBuildFile; fileRef = 7E8457D852612700E6B9E31B /* Pods_MovieAppHome.framework */; };
		CC2484A33EE8DFFBF2AD3310 /* Pods_MovieAppHome_MovieAppHomeTests.framework in Frameworks */ = {isa = PBXBuildFile; fileRef = 518C753EDE1FDECFDF556E2A /* Pods_MovieAppHome_MovieAppHomeTests.framework */; };
/* End PBXBuildFile section */

/* Begin PBXContainerItemProxy section */
		2A15B76B2A231228005E3F7C /* PBXContainerItemProxy */ = {
			isa = PBXContainerItemProxy;
			containerPortal = 2A15B7562A231228005E3F7C /* Project object */;
			proxyType = 1;
			remoteGlobalIDString = 2A15B75E2A231228005E3F7C;
			remoteInfo = MovieAppHome;
		};
/* End PBXContainerItemProxy section */

/* Begin PBXFileReference section */
		09BA08CC24725C51FADE1415 /* Pods-MovieAppHome-MovieAppHomeTests.debug.xcconfig */ = {isa = PBXFileReference; includeInIndex = 1; lastKnownFileType = text.xcconfig; name = "Pods-MovieAppHome-MovieAppHomeTests.debug.xcconfig"; path = "Target Support Files/Pods-MovieAppHome-MovieAppHomeTests/Pods-MovieAppHome-MovieAppHomeTests.debug.xcconfig"; sourceTree = "<group>"; };
		24E74054D6CE3FDD75B5884F /* Pods-MovieAppHome-MovieAppHomeTests.release.xcconfig */ = {isa = PBXFileReference; includeInIndex = 1; lastKnownFileType = text.xcconfig; name = "Pods-MovieAppHome-MovieAppHomeTests.release.xcconfig"; path = "Target Support Files/Pods-MovieAppHome-MovieAppHomeTests/Pods-MovieAppHome-MovieAppHomeTests.release.xcconfig"; sourceTree = "<group>"; };
		2A15B75F2A231228005E3F7C /* MovieAppHome.framework */ = {isa = PBXFileReference; explicitFileType = wrapper.framework; includeInIndex = 0; path = MovieAppHome.framework; sourceTree = BUILT_PRODUCTS_DIR; };
		2A15B7622A231228005E3F7C /* MovieAppHome.h */ = {isa = PBXFileReference; lastKnownFileType = sourcecode.c.h; path = MovieAppHome.h; sourceTree = "<group>"; };
		2A15B7632A231228005E3F7C /* MovieAppHome.docc */ = {isa = PBXFileReference; lastKnownFileType = folder.documentationcatalog; path = MovieAppHome.docc; sourceTree = "<group>"; };
		2A15B7692A231228005E3F7C /* MovieAppHomeTests.xctest */ = {isa = PBXFileReference; explicitFileType = wrapper.cfbundle; includeInIndex = 0; path = MovieAppHomeTests.xctest; sourceTree = BUILT_PRODUCTS_DIR; };
		2A15B76E2A231228005E3F7C /* MovieAppHomeTests.swift */ = {isa = PBXFileReference; lastKnownFileType = sourcecode.swift; path = MovieAppHomeTests.swift; sourceTree = "<group>"; };
		2A15B77D2A231365005E3F7C /* MovieAppHome.swift */ = {isa = PBXFileReference; lastKnownFileType = sourcecode.swift; path = MovieAppHome.swift; sourceTree = "<group>"; };
		2A15B77F2A23136E005E3F7C /* MovieAppHome.storyboard */ = {isa = PBXFileReference; lastKnownFileType = file.storyboard; path = MovieAppHome.storyboard; sourceTree = "<group>"; };
		518C753EDE1FDECFDF556E2A /* Pods_MovieAppHome_MovieAppHomeTests.framework */ = {isa = PBXFileReference; explicitFileType = wrapper.framework; includeInIndex = 0; path = Pods_MovieAppHome_MovieAppHomeTests.framework; sourceTree = BUILT_PRODUCTS_DIR; };
		7E8457D852612700E6B9E31B /* Pods_MovieAppHome.framework */ = {isa = PBXFileReference; explicitFileType = wrapper.framework; includeInIndex = 0; path = Pods_MovieAppHome.framework; sourceTree = BUILT_PRODUCTS_DIR; };
		AC0F691BE3C650ABC28F8416 /* Pods-MovieAppHome.release.xcconfig */ = {isa = PBXFileReference; includeInIndex = 1; lastKnownFileType = text.xcconfig; name = "Pods-MovieAppHome.release.xcconfig"; path = "Target Support Files/Pods-MovieAppHome/Pods-MovieAppHome.release.xcconfig"; sourceTree = "<group>"; };
		B6E753D35C848B29F95D7F01 /* Pods-MovieAppHome.debug.xcconfig */ = {isa = PBXFileReference; includeInIndex = 1; lastKnownFileType = text.xcconfig; name = "Pods-MovieAppHome.debug.xcconfig"; path = "Target Support Files/Pods-MovieAppHome/Pods-MovieAppHome.debug.xcconfig"; sourceTree = "<group>"; };
/* End PBXFileReference section */

/* Begin PBXFrameworksBuildPhase section */
		2A15B75C2A231228005E3F7C /* Frameworks */ = {
			isa = PBXFrameworksBuildPhase;
			buildActionMask = 2147483647;
			files = (
				552A6172A4F59170A4BC6D62 /* Pods_MovieAppHome.framework in Frameworks */,
			);
			runOnlyForDeploymentPostprocessing = 0;
		};
		2A15B7662A231228005E3F7C /* Frameworks */ = {
			isa = PBXFrameworksBuildPhase;
			buildActionMask = 2147483647;
			files = (
				2A15B76A2A231228005E3F7C /* MovieAppHome.framework in Frameworks */,
				CC2484A33EE8DFFBF2AD3310 /* Pods_MovieAppHome_MovieAppHomeTests.framework in Frameworks */,
			);
			runOnlyForDeploymentPostprocessing = 0;
		};
/* End PBXFrameworksBuildPhase section */

/* Begin PBXGroup section */
		2A15B7552A231228005E3F7C = {
			isa = PBXGroup;
			children = (
				2A15B7612A231228005E3F7C /* MovieAppHome */,
				2A15B76D2A231228005E3F7C /* MovieAppHomeTests */,
				2A15B7602A231228005E3F7C /* Products */,
				B0D12FFDDC3FAA28643C7C54 /* Pods */,
				EE8DC9B00D7F77B9BBFCFCD7 /* Frameworks */,
			);
			sourceTree = "<group>";
		};
		2A15B7602A231228005E3F7C /* Products */ = {
			isa = PBXGroup;
			children = (
				2A15B75F2A231228005E3F7C /* MovieAppHome.framework */,
				2A15B7692A231228005E3F7C /* MovieAppHomeTests.xctest */,
			);
			name = Products;
			sourceTree = "<group>";
		};
		2A15B7612A231228005E3F7C /* MovieAppHome */ = {
			isa = PBXGroup;
			children = (
				2A15B7622A231228005E3F7C /* MovieAppHome.h */,
				2A15B7632A231228005E3F7C /* MovieAppHome.docc */,
				2A15B77D2A231365005E3F7C /* MovieAppHome.swift */,
				2A15B77F2A23136E005E3F7C /* MovieAppHome.storyboard */,
			);
			path = MovieAppHome;
			sourceTree = "<group>";
		};
		2A15B76D2A231228005E3F7C /* MovieAppHomeTests */ = {
			isa = PBXGroup;
			children = (
				2A15B76E2A231228005E3F7C /* MovieAppHomeTests.swift */,
			);
			path = MovieAppHomeTests;
			sourceTree = "<group>";
		};
		B0D12FFDDC3FAA28643C7C54 /* Pods */ = {
			isa = PBXGroup;
			children = (
				B6E753D35C848B29F95D7F01 /* Pods-MovieAppHome.debug.xcconfig */,
				AC0F691BE3C650ABC28F8416 /* Pods-MovieAppHome.release.xcconfig */,
				09BA08CC24725C51FADE1415 /* Pods-MovieAppHome-MovieAppHomeTests.debug.xcconfig */,
				24E74054D6CE3FDD75B5884F /* Pods-MovieAppHome-MovieAppHomeTests.release.xcconfig */,
			);
			path = Pods;
			sourceTree = "<group>";
		};
		EE8DC9B00D7F77B9BBFCFCD7 /* Frameworks */ = {
			isa = PBXGroup;
			children = (
				7E8457D852612700E6B9E31B /* Pods_MovieAppHome.framework */,
				518C753EDE1FDECFDF556E2A /* Pods_MovieAppHome_MovieAppHomeTests.framework */,
			);
			name = Frameworks;
			sourceTree = "<group>";
		};
/* End PBXGroup section */

/* Begin PBXHeadersBuildPhase section */
		2A15B75A2A231228005E3F7C /* Headers */ = {
			isa = PBXHeadersBuildPhase;
			buildActionMask = 2147483647;
			files = (
				2A15B7702A231228005E3F7C /* MovieAppHome.h in Headers */,
			);
			runOnlyForDeploymentPostprocessing = 0;
		};
/* End PBXHeadersBuildPhase section */

/* Begin PBXNativeTarget section */
		2A15B75E2A231228005E3F7C /* MovieAppHome */ = {
			isa = PBXNativeTarget;
			buildConfigurationList = 2A15B7732A231228005E3F7C /* Build configuration list for PBXNativeTarget "MovieAppHome" */;
			buildPhases = (
				AF2B64A9082179E58DD81DCA /* [CP] Check Pods Manifest.lock */,
				2A15B75A2A231228005E3F7C /* Headers */,
				2A15B75B2A231228005E3F7C /* Sources */,
				2A15B75C2A231228005E3F7C /* Frameworks */,
				2A15B75D2A231228005E3F7C /* Resources */,
			);
			buildRules = (
			);
			dependencies = (
			);
			name = MovieAppHome;
			productName = MovieAppHome;
			productReference = 2A15B75F2A231228005E3F7C /* MovieAppHome.framework */;
			productType = "com.apple.product-type.framework";
		};
		2A15B7682A231228005E3F7C /* MovieAppHomeTests */ = {
			isa = PBXNativeTarget;
			buildConfigurationList = 2A15B7762A231228005E3F7C /* Build configuration list for PBXNativeTarget "MovieAppHomeTests" */;
			buildPhases = (
				95C343E5C4ED6947ED6E3335 /* [CP] Check Pods Manifest.lock */,
				2A15B7652A231228005E3F7C /* Sources */,
				2A15B7662A231228005E3F7C /* Frameworks */,
				2A15B7672A231228005E3F7C /* Resources */,
				7BC555DA6140B9D0400E7BB7 /* [CP] Embed Pods Frameworks */,
			);
			buildRules = (
			);
			dependencies = (
				2A15B76C2A231228005E3F7C /* PBXTargetDependency */,
			);
			name = MovieAppHomeTests;
			productName = MovieAppHomeTests;
			productReference = 2A15B7692A231228005E3F7C /* MovieAppHomeTests.xctest */;
			productType = "com.apple.product-type.bundle.unit-test";
		};
/* End PBXNativeTarget section */

/* Begin PBXProject section */
		2A15B7562A231228005E3F7C /* Project object */ = {
			isa = PBXProject;
			attributes = {
				BuildIndependentTargetsInParallel = 1;
				LastSwiftUpdateCheck = 1430;
				LastUpgradeCheck = 1430;
				TargetAttributes = {
					2A15B75E2A231228005E3F7C = {
						CreatedOnToolsVersion = 14.3;
					};
					2A15B7682A231228005E3F7C = {
						CreatedOnToolsVersion = 14.3;
					};
				};
			};
			buildConfigurationList = 2A15B7592A231228005E3F7C /* Build configuration list for PBXProject "MovieAppHome" */;
			compatibilityVersion = "Xcode 14.0";
			developmentRegion = en;
			hasScannedForEncodings = 0;
			knownRegions = (
				en,
				Base,
			);
			mainGroup = 2A15B7552A231228005E3F7C;
			productRefGroup = 2A15B7602A231228005E3F7C /* Products */;
			projectDirPath = "";
			projectRoot = "";
			targets = (
				2A15B75E2A231228005E3F7C /* MovieAppHome */,
				2A15B7682A231228005E3F7C /* MovieAppHomeTests */,
			);
		};
/* End PBXProject section */

/* Begin PBXResourcesBuildPhase section */
		2A15B75D2A231228005E3F7C /* Resources */ = {
			isa = PBXResourcesBuildPhase;
			buildActionMask = 2147483647;
			files = (
				2A15B7802A23136E005E3F7C /* MovieAppHome.storyboard in Resources */,
			);
			runOnlyForDeploymentPostprocessing = 0;
		};
		2A15B7672A231228005E3F7C /* Resources */ = {
			isa = PBXResourcesBuildPhase;
			buildActionMask = 2147483647;
			files = (
			);
			runOnlyForDeploymentPostprocessing = 0;
		};
/* End PBXResourcesBuildPhase section */

/* Begin PBXShellScriptBuildPhase section */
		7BC555DA6140B9D0400E7BB7 /* [CP] Embed Pods Frameworks */ = {
			isa = PBXShellScriptBuildPhase;
			buildActionMask = 2147483647;
			files = (
			);
			inputFileListPaths = (
				"${PODS_ROOT}/Target Support Files/Pods-MovieAppHome-MovieAppHomeTests/Pods-MovieAppHome-MovieAppHomeTests-frameworks-${CONFIGURATION}-input-files.xcfilelist",
			);
			name = "[CP] Embed Pods Frameworks";
			outputFileListPaths = (
				"${PODS_ROOT}/Target Support Files/Pods-MovieAppHome-MovieAppHomeTests/Pods-MovieAppHome-MovieAppHomeTests-frameworks-${CONFIGURATION}-output-files.xcfilelist",
			);
			runOnlyForDeploymentPostprocessing = 0;
			shellPath = /bin/sh;
			shellScript = "\"${PODS_ROOT}/Target Support Files/Pods-MovieAppHome-MovieAppHomeTests/Pods-MovieAppHome-MovieAppHomeTests-frameworks.sh\"\n";
			showEnvVarsInLog = 0;
		};
		95C343E5C4ED6947ED6E3335 /* [CP] Check Pods Manifest.lock */ = {
			isa = PBXShellScriptBuildPhase;
			buildActionMask = 2147483647;
			files = (
			);
			inputFileListPaths = (
			);
			inputPaths = (
				"${PODS_PODFILE_DIR_PATH}/Podfile.lock",
				"${PODS_ROOT}/Manifest.lock",
			);
			name = "[CP] Check Pods Manifest.lock";
			outputFileListPaths = (
			);
			outputPaths = (
				"$(DERIVED_FILE_DIR)/Pods-MovieAppHome-MovieAppHomeTests-checkManifestLockResult.txt",
			);
			runOnlyForDeploymentPostprocessing = 0;
			shellPath = /bin/sh;
			shellScript = "diff \"${PODS_PODFILE_DIR_PATH}/Podfile.lock\" \"${PODS_ROOT}/Manifest.lock\" > /dev/null\nif [ $? != 0 ] ; then\n    # print error to STDERR\n    echo \"error: The sandbox is not in sync with the Podfile.lock. Run 'pod install' or update your CocoaPods installation.\" >&2\n    exit 1\nfi\n# This output is used by Xcode 'outputs' to avoid re-running this script phase.\necho \"SUCCESS\" > \"${SCRIPT_OUTPUT_FILE_0}\"\n";
			showEnvVarsInLog = 0;
		};
		AF2B64A9082179E58DD81DCA /* [CP] Check Pods Manifest.lock */ = {
			isa = PBXShellScriptBuildPhase;
			buildActionMask = 2147483647;
			files = (
			);
			inputFileListPaths = (
			);
			inputPaths = (
				"${PODS_PODFILE_DIR_PATH}/Podfile.lock",
				"${PODS_ROOT}/Manifest.lock",
			);
			name = "[CP] Check Pods Manifest.lock";
			outputFileListPaths = (
			);
			outputPaths = (
				"$(DERIVED_FILE_DIR)/Pods-MovieAppHome-checkManifestLockResult.txt",
			);
			runOnlyForDeploymentPostprocessing = 0;
			shellPath = /bin/sh;
			shellScript = "diff \"${PODS_PODFILE_DIR_PATH}/Podfile.lock\" \"${PODS_ROOT}/Manifest.lock\" > /dev/null\nif [ $? != 0 ] ; then\n    # print error to STDERR\n    echo \"error: The sandbox is not in sync with the Podfile.lock. Run 'pod install' or update your CocoaPods installation.\" >&2\n    exit 1\nfi\n# This output is used by Xcode 'outputs' to avoid re-running this script phase.\necho \"SUCCESS\" > \"${SCRIPT_OUTPUT_FILE_0}\"\n";
			showEnvVarsInLog = 0;
		};
/* End PBXShellScriptBuildPhase section */

/* Begin PBXSourcesBuildPhase section */
		2A15B75B2A231228005E3F7C /* Sources */ = {
			isa = PBXSourcesBuildPhase;
			buildActionMask = 2147483647;
			files = (
				2A15B7642A231228005E3F7C /* MovieAppHome.docc in Sources */,
				2A15B77E2A231365005E3F7C /* MovieAppHome.swift in Sources */,
			);
			runOnlyForDeploymentPostprocessing = 0;
		};
		2A15B7652A231228005E3F7C /* Sources */ = {
			isa = PBXSourcesBuildPhase;
			buildActionMask = 2147483647;
			files = (
				2A15B76F2A231228005E3F7C /* MovieAppHomeTests.swift in Sources */,
			);
			runOnlyForDeploymentPostprocessing = 0;
		};
/* End PBXSourcesBuildPhase section */

/* Begin PBXTargetDependency section */
		2A15B76C2A231228005E3F7C /* PBXTargetDependency */ = {
			isa = PBXTargetDependency;
			target = 2A15B75E2A231228005E3F7C /* MovieAppHome */;
			targetProxy = 2A15B76B2A231228005E3F7C /* PBXContainerItemProxy */;
		};
/* End PBXTargetDependency section */

/* Begin XCBuildConfiguration section */
		2A15B7712A231228005E3F7C /* Debug */ = {
			isa = XCBuildConfiguration;
			buildSettings = {
				ALWAYS_SEARCH_USER_PATHS = NO;
				CLANG_ANALYZER_NONNULL = YES;
				CLANG_ANALYZER_NUMBER_OBJECT_CONVERSION = YES_AGGRESSIVE;
				CLANG_CXX_LANGUAGE_STANDARD = "gnu++20";
				CLANG_ENABLE_MODULES = YES;
				CLANG_ENABLE_OBJC_ARC = YES;
				CLANG_ENABLE_OBJC_WEAK = YES;
				CLANG_WARN_BLOCK_CAPTURE_AUTORELEASING = YES;
				CLANG_WARN_BOOL_CONVERSION = YES;
				CLANG_WARN_COMMA = YES;
				CLANG_WARN_CONSTANT_CONVERSION = YES;
				CLANG_WARN_DEPRECATED_OBJC_IMPLEMENTATIONS = YES;
				CLANG_WARN_DIRECT_OBJC_ISA_USAGE = YES_ERROR;
				CLANG_WARN_DOCUMENTATION_COMMENTS = YES;
				CLANG_WARN_EMPTY_BODY = YES;
				CLANG_WARN_ENUM_CONVERSION = YES;
				CLANG_WARN_INFINITE_RECURSION = YES;
				CLANG_WARN_INT_CONVERSION = YES;
				CLANG_WARN_NON_LITERAL_NULL_CONVERSION = YES;
				CLANG_WARN_OBJC_IMPLICIT_RETAIN_SELF = YES;
				CLANG_WARN_OBJC_LITERAL_CONVERSION = YES;
				CLANG_WARN_OBJC_ROOT_CLASS = YES_ERROR;
				CLANG_WARN_QUOTED_INCLUDE_IN_FRAMEWORK_HEADER = YES;
				CLANG_WARN_RANGE_LOOP_ANALYSIS = YES;
				CLANG_WARN_STRICT_PROTOTYPES = YES;
				CLANG_WARN_SUSPICIOUS_MOVE = YES;
				CLANG_WARN_UNGUARDED_AVAILABILITY = YES_AGGRESSIVE;
				CLANG_WARN_UNREACHABLE_CODE = YES;
				CLANG_WARN__DUPLICATE_METHOD_MATCH = YES;
				COPY_PHASE_STRIP = NO;
				CURRENT_PROJECT_VERSION = 1;
				DEBUG_INFORMATION_FORMAT = dwarf;
				ENABLE_STRICT_OBJC_MSGSEND = YES;
				ENABLE_TESTABILITY = YES;
				GCC_C_LANGUAGE_STANDARD = gnu11;
				GCC_DYNAMIC_NO_PIC = NO;
				GCC_NO_COMMON_BLOCKS = YES;
				GCC_OPTIMIZATION_LEVEL = 0;
				GCC_PREPROCESSOR_DEFINITIONS = (
					"DEBUG=1",
					"$(inherited)",
				);
				GCC_WARN_64_TO_32_BIT_CONVERSION = YES;
				GCC_WARN_ABOUT_RETURN_TYPE = YES_ERROR;
				GCC_WARN_UNDECLARED_SELECTOR = YES;
				GCC_WARN_UNINITIALIZED_AUTOS = YES_AGGRESSIVE;
				GCC_WARN_UNUSED_FUNCTION = YES;
				GCC_WARN_UNUSED_VARIABLE = YES;
				IPHONEOS_DEPLOYMENT_TARGET = 16.4;
				MTL_ENABLE_DEBUG_INFO = INCLUDE_SOURCE;
				MTL_FAST_MATH = YES;
				ONLY_ACTIVE_ARCH = YES;
				SDKROOT = iphoneos;
				SWIFT_ACTIVE_COMPILATION_CONDITIONS = DEBUG;
				SWIFT_OPTIMIZATION_LEVEL = "-Onone";
				VERSIONING_SYSTEM = "apple-generic";
				VERSION_INFO_PREFIX = "";
			};
			name = Debug;
		};
		2A15B7722A231228005E3F7C /* Release */ = {
			isa = XCBuildConfiguration;
			buildSettings = {
				ALWAYS_SEARCH_USER_PATHS = NO;
				CLANG_ANALYZER_NONNULL = YES;
				CLANG_ANALYZER_NUMBER_OBJECT_CONVERSION = YES_AGGRESSIVE;
				CLANG_CXX_LANGUAGE_STANDARD = "gnu++20";
				CLANG_ENABLE_MODULES = YES;
				CLANG_ENABLE_OBJC_ARC = YES;
				CLANG_ENABLE_OBJC_WEAK = YES;
				CLANG_WARN_BLOCK_CAPTURE_AUTORELEASING = YES;
				CLANG_WARN_BOOL_CONVERSION = YES;
				CLANG_WARN_COMMA = YES;
				CLANG_WARN_CONSTANT_CONVERSION = YES;
				CLANG_WARN_DEPRECATED_OBJC_IMPLEMENTATIONS = YES;
				CLANG_WARN_DIRECT_OBJC_ISA_USAGE = YES_ERROR;
				CLANG_WARN_DOCUMENTATION_COMMENTS = YES;
				CLANG_WARN_EMPTY_BODY = YES;
				CLANG_WARN_ENUM_CONVERSION = YES;
				CLANG_WARN_INFINITE_RECURSION = YES;
				CLANG_WARN_INT_CONVERSION = YES;
				CLANG_WARN_NON_LITERAL_NULL_CONVERSION = YES;
				CLANG_WARN_OBJC_IMPLICIT_RETAIN_SELF = YES;
				CLANG_WARN_OBJC_LITERAL_CONVERSION = YES;
				CLANG_WARN_OBJC_ROOT_CLASS = YES_ERROR;
				CLANG_WARN_QUOTED_INCLUDE_IN_FRAMEWORK_HEADER = YES;
				CLANG_WARN_RANGE_LOOP_ANALYSIS = YES;
				CLANG_WARN_STRICT_PROTOTYPES = YES;
				CLANG_WARN_SUSPICIOUS_MOVE = YES;
				CLANG_WARN_UNGUARDED_AVAILABILITY = YES_AGGRESSIVE;
				CLANG_WARN_UNREACHABLE_CODE = YES;
				CLANG_WARN__DUPLICATE_METHOD_MATCH = YES;
				COPY_PHASE_STRIP = NO;
				CURRENT_PROJECT_VERSION = 1;
				DEBUG_INFORMATION_FORMAT = "dwarf-with-dsym";
				ENABLE_NS_ASSERTIONS = NO;
				ENABLE_STRICT_OBJC_MSGSEND = YES;
				GCC_C_LANGUAGE_STANDARD = gnu11;
				GCC_NO_COMMON_BLOCKS = YES;
				GCC_WARN_64_TO_32_BIT_CONVERSION = YES;
				GCC_WARN_ABOUT_RETURN_TYPE = YES_ERROR;
				GCC_WARN_UNDECLARED_SELECTOR = YES;
				GCC_WARN_UNINITIALIZED_AUTOS = YES_AGGRESSIVE;
				GCC_WARN_UNUSED_FUNCTION = YES;
				GCC_WARN_UNUSED_VARIABLE = YES;
				IPHONEOS_DEPLOYMENT_TARGET = 16.4;
				MTL_ENABLE_DEBUG_INFO = NO;
				MTL_FAST_MATH = YES;
				SDKROOT = iphoneos;
				SWIFT_COMPILATION_MODE = wholemodule;
				SWIFT_OPTIMIZATION_LEVEL = "-O";
				VALIDATE_PRODUCT = YES;
				VERSIONING_SYSTEM = "apple-generic";
				VERSION_INFO_PREFIX = "";
			};
			name = Release;
		};
		2A15B7742A231228005E3F7C /* Debug */ = {
			isa = XCBuildConfiguration;
			baseConfigurationReference = B6E753D35C848B29F95D7F01 /* Pods-MovieAppHome.debug.xcconfig */;
			buildSettings = {
				BUILD_LIBRARY_FOR_DISTRIBUTION = YES;
				CODE_SIGN_STYLE = Automatic;
				CURRENT_PROJECT_VERSION = 1;
				DEFINES_MODULE = YES;
				DEVELOPMENT_TEAM = 6FKY4347J7;
				DYLIB_COMPATIBILITY_VERSION = 1;
				DYLIB_CURRENT_VERSION = 1;
				DYLIB_INSTALL_NAME_BASE = "@rpath";
				ENABLE_MODULE_VERIFIER = YES;
				GENERATE_INFOPLIST_FILE = YES;
				INFOPLIST_KEY_NSHumanReadableCopyright = "";
				INSTALL_PATH = "$(LOCAL_LIBRARY_DIR)/Frameworks";
				IPHONEOS_DEPLOYMENT_TARGET = 11.0;
				LD_RUNPATH_SEARCH_PATHS = (
					"$(inherited)",
					"@executable_path/Frameworks",
					"@loader_path/Frameworks",
				);
				MARKETING_VERSION = 1.0;
				MODULE_VERIFIER_SUPPORTED_LANGUAGES = "objective-c objective-c++";
				MODULE_VERIFIER_SUPPORTED_LANGUAGE_STANDARDS = "gnu11 gnu++20";
				PRODUCT_BUNDLE_IDENTIFIER = com.faruuq.MovieAppHome;
				PRODUCT_NAME = "$(TARGET_NAME:c99extidentifier)";
				SKIP_INSTALL = YES;
				SWIFT_EMIT_LOC_STRINGS = YES;
				SWIFT_VERSION = 5.0;
				TARGETED_DEVICE_FAMILY = "1,2";
			};
			name = Debug;
		};
		2A15B7752A231228005E3F7C /* Release */ = {
			isa = XCBuildConfiguration;
			baseConfigurationReference = AC0F691BE3C650ABC28F8416 /* Pods-MovieAppHome.release.xcconfig */;
			buildSettings = {
				BUILD_LIBRARY_FOR_DISTRIBUTION = YES;
				CODE_SIGN_STYLE = Automatic;
				CURRENT_PROJECT_VERSION = 1;
				DEFINES_MODULE = YES;
				DEVELOPMENT_TEAM = 6FKY4347J7;
				DYLIB_COMPATIBILITY_VERSION = 1;
				DYLIB_CURRENT_VERSION = 1;
				DYLIB_INSTALL_NAME_BASE = "@rpath";
				ENABLE_MODULE_VERIFIER = YES;
				GENERATE_INFOPLIST_FILE = YES;
				INFOPLIST_KEY_NSHumanReadableCopyright = "";
				INSTALL_PATH = "$(LOCAL_LIBRARY_DIR)/Frameworks";
				IPHONEOS_DEPLOYMENT_TARGET = 11.0;
				LD_RUNPATH_SEARCH_PATHS = (
					"$(inherited)",
					"@executable_path/Frameworks",
					"@loader_path/Frameworks",
				);
				MARKETING_VERSION = 1.0;
				MODULE_VERIFIER_SUPPORTED_LANGUAGES = "objective-c objective-c++";
				MODULE_VERIFIER_SUPPORTED_LANGUAGE_STANDARDS = "gnu11 gnu++20";
				PRODUCT_BUNDLE_IDENTIFIER = com.faruuq.MovieAppHome;
				PRODUCT_NAME = "$(TARGET_NAME:c99extidentifier)";
				SKIP_INSTALL = YES;
				SWIFT_EMIT_LOC_STRINGS = YES;
				SWIFT_VERSION = 5.0;
				TARGETED_DEVICE_FAMILY = "1,2";
			};
			name = Release;
		};
		2A15B7772A231228005E3F7C /* Debug */ = {
			isa = XCBuildConfiguration;
			baseConfigurationReference = 09BA08CC24725C51FADE1415 /* Pods-MovieAppHome-MovieAppHomeTests.debug.xcconfig */;
			buildSettings = {
				ALWAYS_EMBED_SWIFT_STANDARD_LIBRARIES = YES;
				CODE_SIGN_STYLE = Automatic;
				CURRENT_PROJECT_VERSION = 1;
				DEVELOPMENT_TEAM = 6FKY4347J7;
				GENERATE_INFOPLIST_FILE = YES;
				MARKETING_VERSION = 1.0;
				PRODUCT_BUNDLE_IDENTIFIER = com.faruuq.MovieAppHomeTests;
				PRODUCT_NAME = "$(TARGET_NAME)";
				SWIFT_EMIT_LOC_STRINGS = NO;
				SWIFT_VERSION = 5.0;
				TARGETED_DEVICE_FAMILY = "1,2";
			};
			name = Debug;
		};
		2A15B7782A231228005E3F7C /* Release */ = {
			isa = XCBuildConfiguration;
			baseConfigurationReference = 24E74054D6CE3FDD75B5884F /* Pods-MovieAppHome-MovieAppHomeTests.release.xcconfig */;
			buildSettings = {
				ALWAYS_EMBED_SWIFT_STANDARD_LIBRARIES = YES;
				CODE_SIGN_STYLE = Automatic;
				CURRENT_PROJECT_VERSION = 1;
				DEVELOPMENT_TEAM = 6FKY4347J7;
				GENERATE_INFOPLIST_FILE = YES;
				MARKETING_VERSION = 1.0;
				PRODUCT_BUNDLE_IDENTIFIER = com.faruuq.MovieAppHomeTests;
				PRODUCT_NAME = "$(TARGET_NAME)";
				SWIFT_EMIT_LOC_STRINGS = NO;
				SWIFT_VERSION = 5.0;
				TARGETED_DEVICE_FAMILY = "1,2";
			};
			name = Release;
		};
/* End XCBuildConfiguration section */

/* Begin XCConfigurationList section */
		2A15B7592A231228005E3F7C /* Build configuration list for PBXProject "MovieAppHome" */ = {
			isa = XCConfigurationList;
			buildConfigurations = (
				2A15B7712A231228005E3F7C /* Debug */,
				2A15B7722A231228005E3F7C /* Release */,
			);
			defaultConfigurationIsVisible = 0;
			defaultConfigurationName = Release;
		};
		2A15B7732A231228005E3F7C /* Build configuration list for PBXNativeTarget "MovieAppHome" */ = {
			isa = XCConfigurationList;
			buildConfigurations = (
				2A15B7742A231228005E3F7C /* Debug */,
				2A15B7752A231228005E3F7C /* Release */,
			);
			defaultConfigurationIsVisible = 0;
			defaultConfigurationName = Release;
		};
		2A15B7762A231228005E3F7C /* Build configuration list for PBXNativeTarget "MovieAppHomeTests" */ = {
			isa = XCConfigurationList;
			buildConfigurations = (
				2A15B7772A231228005E3F7C /* Debug */,
				2A15B7782A231228005E3F7C /* Release */,
			);
			defaultConfigurationIsVisible = 0;
			defaultConfigurationName = Release;
		};
/* End XCConfigurationList section */
	};
	rootObject = 2A15B7562A231228005E3F7C /* Project object */;
}
